
Microsoft Visual Studio Solution File, Format Version 12.00
# Visual Studio Version 17
VisualStudioVersion = 17.6.33815.320
MinimumVisualStudioVersion = 10.0.40219.1
Project("{FAE04EC0-301F-11D3-BF4B-00C04F79EFBC}") = "ProblemSolving", "ProblemSolving.csproj", "{816228B6-66A6-422A-B964-A16F868720CE}"
EndProject
Global
	GlobalSection(SolutionConfigurationPlatforms) = preSolution
		Debug|Any CPU = Debug|Any CPU
		Release|Any CPU = Release|Any CPU
	EndGlobalSection
	GlobalSection(ProjectConfigurationPlatforms) = postSolution
		{816228B6-66A6-422A-B964-A16F868720CE}.Debug|Any CPU.ActiveCfg = Debug|Any CPU
		{816228B6-66A6-422A-B964-A16F868720CE}.Debug|Any CPU.Build.0 = Debug|Any CPU
		{816228B6-66A6-422A-B964-A16F868720CE}.Release|Any CPU.ActiveCfg = Release|Any CPU
		{816228B6-66A6-422A-B964-A16F868720CE}.Release|Any CPU.Build.0 = Release|Any CPU
	EndGlobalSection
	GlobalSection(SolutionProperties) = preSolution
		HideSolutionNode = FALSE
	EndGlobalSection
	GlobalSection(ExtensibilityGlobals) = postSolution
		SolutionGuid = {8FBC8512-4863-4DE4-BE7A-BC7D0AF67938}
	EndGlobalSection
EndGlobal
